
Microsoft Visual Studio Solution File, Format Version 12.00
# Visual Studio 2012
Project("{FAE04EC0-301F-11D3-BF4B-00C04F79EFBC}") = "LokantaProjesi", "LokantaProjesi\LokantaProjesi.csproj", "{3010203D-CFC3-4C55-86DD-CCE13FB61480}"
EndProject
Global
	GlobalSection(SolutionConfigurationPlatforms) = preSolution
		Debug|Any CPU = Debug|Any CPU
		Release|Any CPU = Release|Any CPU
	EndGlobalSection
	GlobalSection(ProjectConfigurationPlatforms) = postSolution
		{3010203D-CFC3-4C55-86DD-CCE13FB61480}.Debug|Any CPU.ActiveCfg = Debug|Any CPU
		{3010203D-CFC3-4C55-86DD-CCE13FB61480}.Debug|Any CPU.Build.0 = Debug|Any CPU
		{3010203D-CFC3-4C55-86DD-CCE13FB61480}.Release|Any CPU.ActiveCfg = Release|Any CPU
		{3010203D-CFC3-4C55-86DD-CCE13FB61480}.Release|Any CPU.Build.0 = Release|Any CPU
	EndGlobalSection
	GlobalSection(SolutionProperties) = preSolution
		HideSolutionNode = FALSE
	EndGlobalSection
EndGlobal
